
Microsoft Visual Studio Solution File, Format Version 12.00
# Visual Studio 15
VisualStudioVersion = 15.0.28010.2026
MinimumVisualStudioVersion = 10.0.40219.1
Project("{FAE04EC0-301F-11D3-BF4B-00C04F79EFBC}") = "IP Processor", "IP Processor\IP Processor.csproj", "{082B5B25-58AF-4C2C-8558-FB2B3854C80B}"
EndProject
Global
	GlobalSection(SolutionConfigurationPlatforms) = preSolution
		Debug|Any CPU = Debug|Any CPU
		Release|Any CPU = Release|Any CPU
	EndGlobalSection
	GlobalSection(ProjectConfigurationPlatforms) = postSolution
		{082B5B25-58AF-4C2C-8558-FB2B3854C80B}.Debug|Any CPU.ActiveCfg = Debug|Any CPU
		{082B5B25-58AF-4C2C-8558-FB2B3854C80B}.Debug|Any CPU.Build.0 = Debug|Any CPU
		{082B5B25-58AF-4C2C-8558-FB2B3854C80B}.Release|Any CPU.ActiveCfg = Release|Any CPU
		{082B5B25-58AF-4C2C-8558-FB2B3854C80B}.Release|Any CPU.Build.0 = Release|Any CPU
	EndGlobalSection
	GlobalSection(SolutionProperties) = preSolution
		HideSolutionNode = FALSE
	EndGlobalSection
	GlobalSection(ExtensibilityGlobals) = postSolution
		SolutionGuid = {B44447F3-1F07-4B72-B061-578172641ED6}
	EndGlobalSection
EndGlobal
